// !$*UTF8*$!
{
	archiveVersion = 1;
	classes = {
	};
	objectVersion = 56;
	objects = {

/* Begin PBXBuildFile section */
		ADDEE67F2B63D78800B17AEC /* jokesappuiApp.swift in Sources */ = {isa = PBXBuildFile; fileRef = ADDEE67E2B63D78800B17AEC /* jokesappuiApp.swift */; };
		ADDEE6812B63D78800B17AEC /* ContentView.swift in Sources */ = {isa = PBXBuildFile; fileRef = ADDEE6802B63D78800B17AEC /* ContentView.swift */; };
		ADDEE6832B63D78A00B17AEC /* Assets.xcassets in Resources */ = {isa = PBXBuildFile; fileRef = ADDEE6822B63D78A00B17AEC /* Assets.xcassets */; };
		ADDEE6862B63D78A00B17AEC /* Preview Assets.xcassets in Resources */ = {isa = PBXBuildFile; fileRef = ADDEE6852B63D78A00B17AEC /* Preview Assets.xcassets */; };
		ADDEE68D2B63DA2200B17AEC /* jokesdata.swift in Sources */ = {isa = PBXBuildFile; fileRef = ADDEE68C2B63DA2200B17AEC /* jokesdata.swift */; };
		ADDEE68F2B63DB4600B17AEC /* jokesviewmodel.swift in Sources */ = {isa = PBXBuildFile; fileRef = ADDEE68E2B63DB4600B17AEC /* jokesviewmodel.swift */; };
		ADDEE6922B63DCF900B17AEC /* Alamofire in Frameworks */ = {isa = PBXBuildFile; productRef = ADDEE6912B63DCF900B17AEC /* Alamofire */; };
/* End PBXBuildFile section */

/* Begin PBXFileReference section */
		ADDEE67B2B63D78800B17AEC /* jokesappui.app */ = {isa = PBXFileReference; explicitFileType = wrapper.application; includeInIndex = 0; path = jokesappui.app; sourceTree = BUILT_PRODUCTS_DIR; };
		ADDEE67E2B63D78800B17AEC /* jokesappuiApp.swift */ = {isa = PBXFileReference; lastKnownFileType = sourcecode.swift; path = jokesappuiApp.swift; sourceTree = "<group>"; };
		ADDEE6802B63D78800B17AEC /* ContentView.swift */ = {isa = PBXFileReference; lastKnownFileType = sourcecode.swift; path = ContentView.swift; sourceTree = "<group>"; };
		ADDEE6822B63D78A00B17AEC /* Assets.xcassets */ = {isa = PBXFileReference; lastKnownFileType = folder.assetcatalog; path = Assets.xcassets; sourceTree = "<group>"; };
		ADDEE6852B63D78A00B17AEC /* Preview Assets.xcassets */ = {isa = PBXFileReference; lastKnownFileType = folder.assetcatalog; path = "Preview Assets.xcassets"; sourceTree = "<group>"; };
		ADDEE68C2B63DA2200B17AEC /* jokesdata.swift */ = {isa = PBXFileReference; lastKnownFileType = sourcecode.swift; path = jokesdata.swift; sourceTree = "<group>"; };
		ADDEE68E2B63DB4600B17AEC /* jokesviewmodel.swift */ = {isa = PBXFileReference; lastKnownFileType = sourcecode.swift; path = jokesviewmodel.swift; sourceTree = "<group>"; };
/* End PBXFileReference section */

/* Begin PBXFrameworksBuildPhase section */
		ADDEE6782B63D78800B17AEC /* Frameworks */ = {
			isa = PBXFrameworksBuildPhase;
			buildActionMask = 2147483647;
			files = (
				ADDEE6922B63DCF900B17AEC /* Alamofire in Frameworks */,
			);
			runOnlyForDeploymentPostprocessing = 0;
		};
/* End PBXFrameworksBuildPhase section */

/* Begin PBXGroup section */
		ADDEE6722B63D78800B17AEC = {
			isa = PBXGroup;
			children = (
				ADDEE67D2B63D78800B17AEC /* jokesappui */,
				ADDEE67C2B63D78800B17AEC /* Products */,
			);
			sourceTree = "<group>";
		};
		ADDEE67C2B63D78800B17AEC /* Products */ = {
			isa = PBXGroup;
			children = (
				ADDEE67B2B63D78800B17AEC /* jokesappui.app */,
			);
			name = Products;
			sourceTree = "<group>";
		};
		ADDEE67D2B63D78800B17AEC /* jokesappui */ = {
			isa = PBXGroup;
			children = (
				ADDEE67E2B63D78800B17AEC /* jokesappuiApp.swift */,
				ADDEE6802B63D78800B17AEC /* ContentView.swift */,
				ADDEE6822B63D78A00B17AEC /* Assets.xcassets */,
				ADDEE6842B63D78A00B17AEC /* Preview Content */,
				ADDEE68C2B63DA2200B17AEC /* jokesdata.swift */,
				ADDEE68E2B63DB4600B17AEC /* jokesviewmodel.swift */,
			);
			path = jokesappui;
			sourceTree = "<group>";
		};
		ADDEE6842B63D78A00B17AEC /* Preview Content */ = {
			isa = PBXGroup;
			children = (
				ADDEE6852B63D78A00B17AEC /* Preview Assets.xcassets */,
			);
			path = "Preview Content";
			sourceTree = "<group>";
		};
/* End PBXGroup section */

/* Begin PBXNativeTarget section */
		ADDEE67A2B63D78800B17AEC /* jokesappui */ = {
			isa = PBXNativeTarget;
			buildConfigurationList = ADDEE6892B63D78A00B17AEC /* Build configuration list for PBXNativeTarget "jokesappui" */;
			buildPhases = (
				ADDEE6772B63D78800B17AEC /* Sources */,
				ADDEE6782B63D78800B17AEC /* Frameworks */,
				ADDEE6792B63D78800B17AEC /* Resources */,
			);
			buildRules = (
			);
			dependencies = (
			);
			name = jokesappui;
			packageProductDependencies = (
				ADDEE6912B63DCF900B17AEC /* Alamofire */,
			);
			productName = jokesappui;
			productReference = ADDEE67B2B63D78800B17AEC /* jokesappui.app */;
			productType = "com.apple.product-type.application";
		};
/* End PBXNativeTarget section */

/* Begin PBXProject section */
		ADDEE6732B63D78800B17AEC /* Project object */ = {
			isa = PBXProject;
			attributes = {
				BuildIndependentTargetsInParallel = 1;
				LastSwiftUpdateCheck = 1520;
				LastUpgradeCheck = 1520;
				TargetAttributes = {
					ADDEE67A2B63D78800B17AEC = {
						CreatedOnToolsVersion = 15.2;
					};
				};
			};
			buildConfigurationList = ADDEE6762B63D78800B17AEC /* Build configuration list for PBXProject "jokesappui" */;
			compatibilityVersion = "Xcode 14.0";
			developmentRegion = en;
			hasScannedForEncodings = 0;
			knownRegions = (
				en,
				Base,
			);
			mainGroup = ADDEE6722B63D78800B17AEC;
			packageReferences = (
				ADDEE6902B63DCF900B17AEC /* XCRemoteSwiftPackageReference "Alamofire" */,
			);
			productRefGroup = ADDEE67C2B63D78800B17AEC /* Products */;
			projectDirPath = "";
			projectRoot = "";
			targets = (
				ADDEE67A2B63D78800B17AEC /* jokesappui */,
			);
		};
/* End PBXProject section */

/* Begin PBXResourcesBuildPhase section */
		ADDEE6792B63D78800B17AEC /* Resources */ = {
			isa = PBXResourcesBuildPhase;
			buildActionMask = 2147483647;
			files = (
				ADDEE6862B63D78A00B17AEC /* Preview Assets.xcassets in Resources */,
				ADDEE6832B63D78A00B17AEC /* Assets.xcassets in Resources */,
			);
			runOnlyForDeploymentPostprocessing = 0;
		};
/* End PBXResourcesBuildPhase section */

/* Begin PBXSourcesBuildPhase section */
		ADDEE6772B63D78800B17AEC /* Sources */ = {
			isa = PBXSourcesBuildPhase;
			buildActionMask = 2147483647;
			files = (
				ADDEE6812B63D78800B17AEC /* ContentView.swift in Sources */,
				ADDEE67F2B63D78800B17AEC /* jokesappuiApp.swift in Sources */,
				ADDEE68D2B63DA2200B17AEC /* jokesdata.swift in Sources */,
				ADDEE68F2B63DB4600B17AEC /* jokesviewmodel.swift in Sources */,
			);
			runOnlyForDeploymentPostprocessing = 0;
		};
/* End PBXSourcesBuildPhase section */

/* Begin XCBuildConfiguration section */
		ADDEE6872B63D78A00B17AEC /* Debug */ = {
			isa = XCBuildConfiguration;
			buildSettings = {
				ALWAYS_SEARCH_USER_PATHS = NO;
				ASSETCATALOG_COMPILER_GENERATE_SWIFT_ASSET_SYMBOL_EXTENSIONS = YES;
				CLANG_ANALYZER_NONNULL = YES;
				CLANG_ANALYZER_NUMBER_OBJECT_CONVERSION = YES_AGGRESSIVE;
				CLANG_CXX_LANGUAGE_STANDARD = "gnu++20";
				CLANG_ENABLE_MODULES = YES;
				CLANG_ENABLE_OBJC_ARC = YES;
				CLANG_ENABLE_OBJC_WEAK = YES;
				CLANG_WARN_BLOCK_CAPTURE_AUTORELEASING = YES;
				CLANG_WARN_BOOL_CONVERSION = YES;
				CLANG_WARN_COMMA = YES;
				CLANG_WARN_CONSTANT_CONVERSION = YES;
				CLANG_WARN_DEPRECATED_OBJC_IMPLEMENTATIONS = YES;
				CLANG_WARN_DIRECT_OBJC_ISA_USAGE = YES_ERROR;
				CLANG_WARN_DOCUMENTATION_COMMENTS = YES;
				CLANG_WARN_EMPTY_BODY = YES;
				CLANG_WARN_ENUM_CONVERSION = YES;
				CLANG_WARN_INFINITE_RECURSION = YES;
				CLANG_WARN_INT_CONVERSION = YES;
				CLANG_WARN_NON_LITERAL_NULL_CONVERSION = YES;
				CLANG_WARN_OBJC_IMPLICIT_RETAIN_SELF = YES;
				CLANG_WARN_OBJC_LITERAL_CONVERSION = YES;
				CLANG_WARN_OBJC_ROOT_CLASS = YES_ERROR;
				CLANG_WARN_QUOTED_INCLUDE_IN_FRAMEWORK_HEADER = YES;
				CLANG_WARN_RANGE_LOOP_ANALYSIS = YES;
				CLANG_WARN_STRICT_PROTOTYPES = YES;
				CLANG_WARN_SUSPICIOUS_MOVE = YES;
				CLANG_WARN_UNGUARDED_AVAILABILITY = YES_AGGRESSIVE;
				CLANG_WARN_UNREACHABLE_CODE = YES;
				CLANG_WARN__DUPLICATE_METHOD_MATCH = YES;
				COPY_PHASE_STRIP = NO;
				DEBUG_INFORMATION_FORMAT = dwarf;
				ENABLE_STRICT_OBJC_MSGSEND = YES;
				ENABLE_TESTABILITY = YES;
				ENABLE_USER_SCRIPT_SANDBOXING = YES;
				GCC_C_LANGUAGE_STANDARD = gnu17;
				GCC_DYNAMIC_NO_PIC = NO;
				GCC_NO_COMMON_BLOCKS = YES;
				GCC_OPTIMIZATION_LEVEL = 0;
				GCC_PREPROCESSOR_DEFINITIONS = (
					"DEBUG=1",
					"$(inherited)",
				);
				GCC_WARN_64_TO_32_BIT_CONVERSION = YES;
				GCC_WARN_ABOUT_RETURN_TYPE = YES_ERROR;
				GCC_WARN_UNDECLARED_SELECTOR = YES;
				GCC_WARN_UNINITIALIZED_AUTOS = YES_AGGRESSIVE;
				GCC_WARN_UNUSED_FUNCTION = YES;
				GCC_WARN_UNUSED_VARIABLE = YES;
				IPHONEOS_DEPLOYMENT_TARGET = 17.2;
				LOCALIZATION_PREFERS_STRING_CATALOGS = YES;
				MTL_ENABLE_DEBUG_INFO = INCLUDE_SOURCE;
				MTL_FAST_MATH = YES;
				ONLY_ACTIVE_ARCH = YES;
				SDKROOT = iphoneos;
				SWIFT_ACTIVE_COMPILATION_CONDITIONS = "DEBUG $(inherited)";
				SWIFT_OPTIMIZATION_LEVEL = "-Onone";
			};
			name = Debug;
		};
		ADDEE6882B63D78A00B17AEC /* Release */ = {
			isa = XCBuildConfiguration;
			buildSettings = {
				ALWAYS_SEARCH_USER_PATHS = NO;
				ASSETCATALOG_COMPILER_GENERATE_SWIFT_ASSET_SYMBOL_EXTENSIONS = YES;
				CLANG_ANALYZER_NONNULL = YES;
				CLANG_ANALYZER_NUMBER_OBJECT_CONVERSION = YES_AGGRESSIVE;
				CLANG_CXX_LANGUAGE_STANDARD = "gnu++20";
				CLANG_ENABLE_MODULES = YES;
				CLANG_ENABLE_OBJC_ARC = YES;
				CLANG_ENABLE_OBJC_WEAK = YES;
				CLANG_WARN_BLOCK_CAPTURE_AUTORELEASING = YES;
				CLANG_WARN_BOOL_CONVERSION = YES;
				CLANG_WARN_COMMA = YES;
				CLANG_WARN_CONSTANT_CONVERSION = YES;
				CLANG_WARN_DEPRECATED_OBJC_IMPLEMENTATIONS = YES;
				CLANG_WARN_DIRECT_OBJC_ISA_USAGE = YES_ERROR;
				CLANG_WARN_DOCUMENTATION_COMMENTS = YES;
				CLANG_WARN_EMPTY_BODY = YES;
				CLANG_WARN_ENUM_CONVERSION = YES;
				CLANG_WARN_INFINITE_RECURSION = YES;
				CLANG_WARN_INT_CONVERSION = YES;
				CLANG_WARN_NON_LITERAL_NULL_CONVERSION = YES;
				CLANG_WARN_OBJC_IMPLICIT_RETAIN_SELF = YES;
				CLANG_WARN_OBJC_LITERAL_CONVERSION = YES;
				CLANG_WARN_OBJC_ROOT_CLASS = YES_ERROR;
				CLANG_WARN_QUOTED_INCLUDE_IN_FRAMEWORK_HEADER = YES;
				CLANG_WARN_RANGE_LOOP_ANALYSIS = YES;
				CLANG_WARN_STRICT_PROTOTYPES = YES;
				CLANG_WARN_SUSPICIOUS_MOVE = YES;
				CLANG_WARN_UNGUARDED_AVAILABILITY = YES_AGGRESSIVE;
				CLANG_WARN_UNREACHABLE_CODE = YES;
				CLANG_WARN__DUPLICATE_METHOD_MATCH = YES;
				COPY_PHASE_STRIP = NO;
				DEBUG_INFORMATION_FORMAT = "dwarf-with-dsym";
				ENABLE_NS_ASSERTIONS = NO;
				ENABLE_STRICT_OBJC_MSGSEND = YES;
				ENABLE_USER_SCRIPT_SANDBOXING = YES;
				GCC_C_LANGUAGE_STANDARD = gnu17;
				GCC_NO_COMMON_BLOCKS = YES;
				GCC_WARN_64_TO_32_BIT_CONVERSION = YES;
				GCC_WARN_ABOUT_RETURN_TYPE = YES_ERROR;
				GCC_WARN_UNDECLARED_SELECTOR = YES;
				GCC_WARN_UNINITIALIZED_AUTOS = YES_AGGRESSIVE;
				GCC_WARN_UNUSED_FUNCTION = YES;
				GCC_WARN_UNUSED_VARIABLE = YES;
				IPHONEOS_DEPLOYMENT_TARGET = 17.2;
				LOCALIZATION_PREFERS_STRING_CATALOGS = YES;
				MTL_ENABLE_DEBUG_INFO = NO;
				MTL_FAST_MATH = YES;
				SDKROOT = iphoneos;
				SWIFT_COMPILATION_MODE = wholemodule;
				VALIDATE_PRODUCT = YES;
			};
			name = Release;
		};
		ADDEE68A2B63D78A00B17AEC /* Debug */ = {
			isa = XCBuildConfiguration;
			buildSettings = {
				ASSETCATALOG_COMPILER_APPICON_NAME = AppIcon;
				ASSETCATALOG_COMPILER_GLOBAL_ACCENT_COLOR_NAME = AccentColor;
				CODE_SIGN_STYLE = Automatic;
				CURRENT_PROJECT_VERSION = 1;
				DEVELOPMENT_ASSET_PATHS = "\"jokesappui/Preview Content\"";
				DEVELOPMENT_TEAM = 8BUJ4V9PBX;
				ENABLE_PREVIEWS = YES;
				GENERATE_INFOPLIST_FILE = YES;
				INFOPLIST_KEY_UIApplicationSceneManifest_Generation = YES;
				INFOPLIST_KEY_UIApplicationSupportsIndirectInputEvents = YES;
				INFOPLIST_KEY_UILaunchScreen_Generation = YES;
				INFOPLIST_KEY_UISupportedInterfaceOrientations_iPad = "UIInterfaceOrientationPortrait UIInterfaceOrientationPortraitUpsideDown UIInterfaceOrientationLandscapeLeft UIInterfaceOrientationLandscapeRight";
				INFOPLIST_KEY_UISupportedInterfaceOrientations_iPhone = "UIInterfaceOrientationPortrait UIInterfaceOrientationLandscapeLeft UIInterfaceOrientationLandscapeRight";
				LD_RUNPATH_SEARCH_PATHS = (
					"$(inherited)",
					"@executable_path/Frameworks",
				);
				MARKETING_VERSION = 1.0;
				PRODUCT_BUNDLE_IDENTIFIER = com.olgunbingol.jokesappui;
				PRODUCT_NAME = "$(TARGET_NAME)";
				SWIFT_EMIT_LOC_STRINGS = YES;
				SWIFT_VERSION = 5.0;
				TARGETED_DEVICE_FAMILY = "1,2";
			};
			name = Debug;
		};
		ADDEE68B2B63D78A00B17AEC /* Release */ = {
			isa = XCBuildConfiguration;
			buildSettings = {
				ASSETCATALOG_COMPILER_APPICON_NAME = AppIcon;
				ASSETCATALOG_COMPILER_GLOBAL_ACCENT_COLOR_NAME = AccentColor;
				CODE_SIGN_STYLE = Automatic;
				CURRENT_PROJECT_VERSION = 1;
				DEVELOPMENT_ASSET_PATHS = "\"jokesappui/Preview Content\"";
				DEVELOPMENT_TEAM = 8BUJ4V9PBX;
				ENABLE_PREVIEWS = YES;
				GENERATE_INFOPLIST_FILE = YES;
				INFOPLIST_KEY_UIApplicationSceneManifest_Generation = YES;
				INFOPLIST_KEY_UIApplicationSupportsIndirectInputEvents = YES;
				INFOPLIST_KEY_UILaunchScreen_Generation = YES;
				INFOPLIST_KEY_UISupportedInterfaceOrientations_iPad = "UIInterfaceOrientationPortrait UIInterfaceOrientationPortraitUpsideDown UIInterfaceOrientationLandscapeLeft UIInterfaceOrientationLandscapeRight";
				INFOPLIST_KEY_UISupportedInterfaceOrientations_iPhone = "UIInterfaceOrientationPortrait UIInterfaceOrientationLandscapeLeft UIInterfaceOrientationLandscapeRight";
				LD_RUNPATH_SEARCH_PATHS = (
					"$(inherited)",
					"@executable_path/Frameworks",
				);
				MARKETING_VERSION = 1.0;
				PRODUCT_BUNDLE_IDENTIFIER = com.olgunbingol.jokesappui;
				PRODUCT_NAME = "$(TARGET_NAME)";
				SWIFT_EMIT_LOC_STRINGS = YES;
				SWIFT_VERSION = 5.0;
				TARGETED_DEVICE_FAMILY = "1,2";
			};
			name = Release;
		};
/* End XCBuildConfiguration section */

/* Begin XCConfigurationList section */
		ADDEE6762B63D78800B17AEC /* Build configuration list for PBXProject "jokesappui" */ = {
			isa = XCConfigurationList;
			buildConfigurations = (
				ADDEE6872B63D78A00B17AEC /* Debug */,
				ADDEE6882B63D78A00B17AEC /* Release */,
			);
			defaultConfigurationIsVisible = 0;
			defaultConfigurationName = Release;
		};
		ADDEE6892B63D78A00B17AEC /* Build configuration list for PBXNativeTarget "jokesappui" */ = {
			isa = XCConfigurationList;
			buildConfigurations = (
				ADDEE68A2B63D78A00B17AEC /* Debug */,
				ADDEE68B2B63D78A00B17AEC /* Release */,
			);
			defaultConfigurationIsVisible = 0;
			defaultConfigurationName = Release;
		};
/* End XCConfigurationList section */

/* Begin XCRemoteSwiftPackageReference section */
		ADDEE6902B63DCF900B17AEC /* XCRemoteSwiftPackageReference "Alamofire" */ = {
			isa = XCRemoteSwiftPackageReference;
			repositoryURL = "https://github.com/Alamofire/Alamofire.git";
			requirement = {
				kind = upToNextMajorVersion;
				minimumVersion = 5.8.1;
			};
		};
/* End XCRemoteSwiftPackageReference section */

/* Begin XCSwiftPackageProductDependency section */
		ADDEE6912B63DCF900B17AEC /* Alamofire */ = {
			isa = XCSwiftPackageProductDependency;
			package = ADDEE6902B63DCF900B17AEC /* XCRemoteSwiftPackageReference "Alamofire" */;
			productName = Alamofire;
		};
/* End XCSwiftPackageProductDependency section */
	};
	rootObject = ADDEE6732B63D78800B17AEC /* Project object */;
}
